
Microsoft Visual Studio Solution File, Format Version 12.00
# Visual Studio Version 16
VisualStudioVersion = 16.0.31702.278
MinimumVisualStudioVersion = 10.0.40219.1
Project("{9A19103F-16F7-4668-BE54-9A1E7A4F7556}") = "lab1_1", "lab1_1.csproj", "{97151388-3FE7-477C-BC99-72D45385366B}"
EndProject
Project("{9A19103F-16F7-4668-BE54-9A1E7A4F7556}") = "begin9", "begin9\begin9.csproj", "{458828E1-E1CE-490F-9C2B-D0D18BD5E7D3}"
EndProject
Project("{9A19103F-16F7-4668-BE54-9A1E7A4F7556}") = "begin34", "begin34\begin34.csproj", "{6488FFAD-2628-44C2-83D1-D578F8BB9F4E}"
EndProject
Project("{9A19103F-16F7-4668-BE54-9A1E7A4F7556}") = "integer3", "integer3\integer3.csproj", "{5B63D66D-F019-4681-BC03-CAF131C494CD}"
EndProject
Project("{9A19103F-16F7-4668-BE54-9A1E7A4F7556}") = "integer7", "integer7\integer7.csproj", "{79FDF590-5988-4CF4-A81C-4DC9B421CAF5}"
EndProject
Project("{9A19103F-16F7-4668-BE54-9A1E7A4F7556}") = "integer17", "integer17\integer17.csproj", "{ECB043A9-B0CA-4490-8C8A-E6546E5E3C3F}"
EndProject
Project("{9A19103F-16F7-4668-BE54-9A1E7A4F7556}") = "boolean7", "boolean7\boolean7.csproj", "{F8BBC6F3-7C56-4402-A9ED-7D05292A5E99}"
EndProject
Project("{9A19103F-16F7-4668-BE54-9A1E7A4F7556}") = "boolean16", "boolean16\boolean16.csproj", "{14990DB4-9E71-4D69-BCE4-817CB827E44E}"
EndProject
Project("{9A19103F-16F7-4668-BE54-9A1E7A4F7556}") = "boolean33", "boolean33\boolean33.csproj", "{FB0DA8A6-1CFC-4DCE-81DB-5F90D244A48D}"
EndProject
Project("{FAE04EC0-301F-11D3-BF4B-00C04F79EFBC}") = "begin2", "begin2\begin2.csproj", "{7E9A9385-4F77-49A1-852F-C62DC634F3EE}"
EndProject
Global
	GlobalSection(SolutionConfigurationPlatforms) = preSolution
		Debug|Any CPU = Debug|Any CPU
		Release|Any CPU = Release|Any CPU
	EndGlobalSection
	GlobalSection(ProjectConfigurationPlatforms) = postSolution
		{97151388-3FE7-477C-BC99-72D45385366B}.Debug|Any CPU.ActiveCfg = Debug|Any CPU
		{97151388-3FE7-477C-BC99-72D45385366B}.Debug|Any CPU.Build.0 = Debug|Any CPU
		{97151388-3FE7-477C-BC99-72D45385366B}.Release|Any CPU.ActiveCfg = Release|Any CPU
		{97151388-3FE7-477C-BC99-72D45385366B}.Release|Any CPU.Build.0 = Release|Any CPU
		{458828E1-E1CE-490F-9C2B-D0D18BD5E7D3}.Debug|Any CPU.ActiveCfg = Debug|Any CPU
		{458828E1-E1CE-490F-9C2B-D0D18BD5E7D3}.Debug|Any CPU.Build.0 = Debug|Any CPU
		{458828E1-E1CE-490F-9C2B-D0D18BD5E7D3}.Release|Any CPU.ActiveCfg = Release|Any CPU
		{458828E1-E1CE-490F-9C2B-D0D18BD5E7D3}.Release|Any CPU.Build.0 = Release|Any CPU
		{6488FFAD-2628-44C2-83D1-D578F8BB9F4E}.Debug|Any CPU.ActiveCfg = Debug|Any CPU
		{6488FFAD-2628-44C2-83D1-D578F8BB9F4E}.Debug|Any CPU.Build.0 = Debug|Any CPU
		{6488FFAD-2628-44C2-83D1-D578F8BB9F4E}.Release|Any CPU.ActiveCfg = Release|Any CPU
		{6488FFAD-2628-44C2-83D1-D578F8BB9F4E}.Release|Any CPU.Build.0 = Release|Any CPU
		{5B63D66D-F019-4681-BC03-CAF131C494CD}.Debug|Any CPU.ActiveCfg = Debug|Any CPU
		{5B63D66D-F019-4681-BC03-CAF131C494CD}.Debug|Any CPU.Build.0 = Debug|Any CPU
		{5B63D66D-F019-4681-BC03-CAF131C494CD}.Release|Any CPU.ActiveCfg = Release|Any CPU
		{5B63D66D-F019-4681-BC03-CAF131C494CD}.Release|Any CPU.Build.0 = Release|Any CPU
		{79FDF590-5988-4CF4-A81C-4DC9B421CAF5}.Debug|Any CPU.ActiveCfg = Debug|Any CPU
		{79FDF590-5988-4CF4-A81C-4DC9B421CAF5}.Debug|Any CPU.Build.0 = Debug|Any CPU
		{79FDF590-5988-4CF4-A81C-4DC9B421CAF5}.Release|Any CPU.ActiveCfg = Release|Any CPU
		{79FDF590-5988-4CF4-A81C-4DC9B421CAF5}.Release|Any CPU.Build.0 = Release|Any CPU
		{ECB043A9-B0CA-4490-8C8A-E6546E5E3C3F}.Debug|Any CPU.ActiveCfg = Debug|Any CPU
		{ECB043A9-B0CA-4490-8C8A-E6546E5E3C3F}.Debug|Any CPU.Build.0 = Debug|Any CPU
		{ECB043A9-B0CA-4490-8C8A-E6546E5E3C3F}.Release|Any CPU.ActiveCfg = Release|Any CPU
		{ECB043A9-B0CA-4490-8C8A-E6546E5E3C3F}.Release|Any CPU.Build.0 = Release|Any CPU
		{F8BBC6F3-7C56-4402-A9ED-7D05292A5E99}.Debug|Any CPU.ActiveCfg = Debug|Any CPU
		{F8BBC6F3-7C56-4402-A9ED-7D05292A5E99}.Debug|Any CPU.Build.0 = Debug|Any CPU
		{F8BBC6F3-7C56-4402-A9ED-7D05292A5E99}.Release|Any CPU.ActiveCfg = Release|Any CPU
		{F8BBC6F3-7C56-4402-A9ED-7D05292A5E99}.Release|Any CPU.Build.0 = Release|Any CPU
		{14990DB4-9E71-4D69-BCE4-817CB827E44E}.Debug|Any CPU.ActiveCfg = Debug|Any CPU
		{14990DB4-9E71-4D69-BCE4-817CB827E44E}.Debug|Any CPU.Build.0 = Debug|Any CPU
		{14990DB4-9E71-4D69-BCE4-817CB827E44E}.Release|Any CPU.ActiveCfg = Release|Any CPU
		{14990DB4-9E71-4D69-BCE4-817CB827E44E}.Release|Any CPU.Build.0 = Release|Any CPU
		{FB0DA8A6-1CFC-4DCE-81DB-5F90D244A48D}.Debug|Any CPU.ActiveCfg = Debug|Any CPU
		{FB0DA8A6-1CFC-4DCE-81DB-5F90D244A48D}.Debug|Any CPU.Build.0 = Debug|Any CPU
		{FB0DA8A6-1CFC-4DCE-81DB-5F90D244A48D}.Release|Any CPU.ActiveCfg = Release|Any CPU
		{FB0DA8A6-1CFC-4DCE-81DB-5F90D244A48D}.Release|Any CPU.Build.0 = Release|Any CPU
		{7E9A9385-4F77-49A1-852F-C62DC634F3EE}.Debug|Any CPU.ActiveCfg = Debug|Any CPU
		{7E9A9385-4F77-49A1-852F-C62DC634F3EE}.Debug|Any CPU.Build.0 = Debug|Any CPU
		{7E9A9385-4F77-49A1-852F-C62DC634F3EE}.Release|Any CPU.ActiveCfg = Release|Any CPU
		{7E9A9385-4F77-49A1-852F-C62DC634F3EE}.Release|Any CPU.Build.0 = Release|Any CPU
	EndGlobalSection
	GlobalSection(SolutionProperties) = preSolution
		HideSolutionNode = FALSE
	EndGlobalSection
	GlobalSection(ExtensibilityGlobals) = postSolution
		SolutionGuid = {CE3A8C56-FAAB-4B6A-A5D1-6D2D4C1FDB65}
	EndGlobalSection
EndGlobal
